
Microsoft Visual Studio Solution File, Format Version 12.00
# Visual Studio Version 16
VisualStudioVersion = 16.0.29721.120
MinimumVisualStudioVersion = 10.0.40219.1
Project("{FAE04EC0-301F-11D3-BF4B-00C04F79EFBC}") = "NowDelivary", "NowDelivary\NowDelivary.csproj", "{F67F5E74-6561-4B63-997B-0EE140DD913E}"
EndProject
Global
	GlobalSection(SolutionConfigurationPlatforms) = preSolution
		Debug|Any CPU = Debug|Any CPU
		Release|Any CPU = Release|Any CPU
	EndGlobalSection
	GlobalSection(ProjectConfigurationPlatforms) = postSolution
		{F67F5E74-6561-4B63-997B-0EE140DD913E}.Debug|Any CPU.ActiveCfg = Debug|Any CPU
		{F67F5E74-6561-4B63-997B-0EE140DD913E}.Debug|Any CPU.Build.0 = Debug|Any CPU
		{F67F5E74-6561-4B63-997B-0EE140DD913E}.Release|Any CPU.ActiveCfg = Release|Any CPU
		{F67F5E74-6561-4B63-997B-0EE140DD913E}.Release|Any CPU.Build.0 = Release|Any CPU
	EndGlobalSection
	GlobalSection(SolutionProperties) = preSolution
		HideSolutionNode = FALSE
	EndGlobalSection
	GlobalSection(ExtensibilityGlobals) = postSolution
		SolutionGuid = {B626A2D8-FB09-4A2B-8AB4-EF2F87390AE8}
	EndGlobalSection
EndGlobal
